
Microsoft Visual Studio Solution File, Format Version 12.00
# Visual Studio Version 17
VisualStudioVersion = 17.14.36408.4 d17.14
MinimumVisualStudioVersion = 10.0.40219.1
Project("{FAE04EC0-301F-11D3-BF4B-00C04F79EFBC}") = "Assignment06", "Assignment06\Assignment06.csproj", "{B0A4D565-2088-4C1A-A68B-DA6A628DA950}"
EndProject
Global
	GlobalSection(SolutionConfigurationPlatforms) = preSolution
		Debug|Any CPU = Debug|Any CPU
		Release|Any CPU = Release|Any CPU
	EndGlobalSection
	GlobalSection(ProjectConfigurationPlatforms) = postSolution
		{B0A4D565-2088-4C1A-A68B-DA6A628DA950}.Debug|Any CPU.ActiveCfg = Debug|Any CPU
		{B0A4D565-2088-4C1A-A68B-DA6A628DA950}.Debug|Any CPU.Build.0 = Debug|Any CPU
		{B0A4D565-2088-4C1A-A68B-DA6A628DA950}.Release|Any CPU.ActiveCfg = Release|Any CPU
		{B0A4D565-2088-4C1A-A68B-DA6A628DA950}.Release|Any CPU.Build.0 = Release|Any CPU
	EndGlobalSection
	GlobalSection(SolutionProperties) = preSolution
		HideSolutionNode = FALSE
	EndGlobalSection
	GlobalSection(ExtensibilityGlobals) = postSolution
		SolutionGuid = {6869224A-4F93-4CD4-BFD2-FECF0207650E}
	EndGlobalSection
EndGlobal
